# THIS IS AN AUTOGENERATED FILE. DO NOT EDIT THIS FILE DIRECTLY.
# yarn lockfile v1


turbo-darwin-64@2.3.3:
  version "2.3.3"
  resolved "https://registry.yarnpkg.com/turbo-darwin-64/-/turbo-darwin-64-2.3.3.tgz#875975cddf7abdb52b28e9cab234fc73ca001e80"
  integrity sha512-bxX82xe6du/3rPmm4aCC5RdEilIN99VUld4HkFQuw+mvFg6darNBuQxyWSHZTtc25XgYjQrjsV05888w1grpaA==

turbo-darwin-arm64@2.3.3:
  version "2.3.3"
  resolved "https://registry.yarnpkg.com/turbo-darwin-arm64/-/turbo-darwin-arm64-2.3.3.tgz#5e85d6dadac6560782bb91081fee56f9cfcd103e"
  integrity sha512-DYbQwa3NsAuWkCUYVzfOUBbSUBVQzH5HWUFy2Kgi3fGjIWVZOFk86ss+xsWu//rlEAfYwEmopigsPYSmW4X15A==

turbo-linux-64@2.3.3:
  version "2.3.3"
  resolved "https://registry.yarnpkg.com/turbo-linux-64/-/turbo-linux-64-2.3.3.tgz#634f2053cff6ff056bec7f307c2fb4dd9a2bc86f"
  integrity sha512-eHj9OIB0dFaP6BxB88jSuaCLsOQSYWBgmhy2ErCu6D2GG6xW3b6e2UWHl/1Ho9FsTg4uVgo4DB9wGsKa5erjUA==

turbo-linux-arm64@2.3.3:
  version "2.3.3"
  resolved "https://registry.yarnpkg.com/turbo-linux-arm64/-/turbo-linux-arm64-2.3.3.tgz#284e26825f5d692bffb5b126a9aeccaae6a4533b"
  integrity sha512-NmDE/NjZoDj1UWBhMtOPmqFLEBKhzGS61KObfrDEbXvU3lekwHeoPvAMfcovzswzch+kN2DrtbNIlz+/rp8OCg==

turbo-windows-64@2.3.3:
  version "2.3.3"
  resolved "https://registry.yarnpkg.com/turbo-windows-64/-/turbo-windows-64-2.3.3.tgz#2900ac2c00d9609bc480d90564a98ca1cc7f4b17"
  integrity sha512-O2+BS4QqjK3dOERscXqv7N2GXNcqHr9hXumkMxDj/oGx9oCatIwnnwx34UmzodloSnJpgSqjl8iRWiY65SmYoQ==

turbo-windows-arm64@2.3.3:
  version "2.3.3"
  resolved "https://registry.yarnpkg.com/turbo-windows-arm64/-/turbo-windows-arm64-2.3.3.tgz#395508cdf6b351d7dd324fb0b318c1b2cf1d66dd"
  integrity sha512-dW4ZK1r6XLPNYLIKjC4o87HxYidtRRcBeo/hZ9Wng2XM/MqqYkAyzJXJGgRMsc0MMEN9z4+ZIfnSNBrA0b08ag==

turbo@^2.3.3:
  version "2.3.3"
  resolved "https://registry.yarnpkg.com/turbo/-/turbo-2.3.3.tgz#70736263c75f7c0c501278214dee49859e1c7fcd"
  integrity sha512-DUHWQAcC8BTiUZDRzAYGvpSpGLiaOQPfYXlCieQbwUvmml/LRGIe3raKdrOPOoiX0DYlzxs2nH6BoWJoZrj8hA==
  optionalDependencies:
    turbo-darwin-64 "2.3.3"
    turbo-darwin-arm64 "2.3.3"
    turbo-linux-64 "2.3.3"
    turbo-linux-arm64 "2.3.3"
    turbo-windows-64 "2.3.3"
    turbo-windows-arm64 "2.3.3"
